// !$*UTF8*$!
{
	archiveVersion = 1;
	classes = {
	};
	objectVersion = 46;
	objects = {

/* Begin PBXBuildFile section */
		CE9D94CF1547E6CC00488BCE /* UIKit.framework in Frameworks */ = {isa = PBXBuildFile; fileRef = CE9D94CE1547E6CC00488BCE /* UIKit.framework */; };
		CE9D94D11547E6CC00488BCE /* Foundation.framework in Frameworks */ = {isa = PBXBuildFile; fileRef = CE9D94D01547E6CC00488BCE /* Foundation.framework */; };
		CE9D94D31547E6CC00488BCE /* CoreGraphics.framework in Frameworks */ = {isa = PBXBuildFile; fileRef = CE9D94D21547E6CC00488BCE /* CoreGraphics.framework */; };
		CE9D94D91547E6CC00488BCE /* InfoPlist.strings in Resources */ = {isa = PBXBuildFile; fileRef = CE9D94D71547E6CC00488BCE /* InfoPlist.strings */; };
		CE9D94DB1547E6CC00488BCE /* main.m in Sources */ = {isa = PBXBuildFile; fileRef = CE9D94DA1547E6CC00488BCE /* main.m */; };
		CE9D94DF1547E6CC00488BCE /* AppDelegate.m in Sources */ = {isa = PBXBuildFile; fileRef = CE9D94DE1547E6CC00488BCE /* AppDelegate.m */; };
		CE9D94E21547E6CC00488BCE /* ViewController.m in Sources */ = {isa = PBXBuildFile; fileRef = CE9D94E11547E6CC00488BCE /* ViewController.m */; };
		CE9D94E51547E6CC00488BCE /* ViewController.xib in Resources */ = {isa = PBXBuildFile; fileRef = CE9D94E31547E6CC00488BCE /* ViewController.xib */; };
		CE9D94F21547E76500488BCE /* MBProgressHUD.m in Sources */ = {isa = PBXBuildFile; fileRef = CE9D94ED1547E76500488BCE /* MBProgressHUD.m */; };
		CE9D94F31547E76500488BCE /* SignetureViewController.m in Sources */ = {isa = PBXBuildFile; fileRef = CE9D94F01547E76500488BCE /* SignetureViewController.m */; };
		CE9D94F41547E76500488BCE /* SignetureViewController.xib in Resources */ = {isa = PBXBuildFile; fileRef = CE9D94F11547E76500488BCE /* SignetureViewController.xib */; };
/* End PBXBuildFile section */

/* Begin PBXFileReference section */
		CE9D94CA1547E6CC00488BCE /* SignetureTools.app */ = {isa = PBXFileReference; explicitFileType = wrapper.application; includeInIndex = 0; path = SignetureTools.app; sourceTree = BUILT_PRODUCTS_DIR; };
		CE9D94CE1547E6CC00488BCE /* UIKit.framework */ = {isa = PBXFileReference; lastKnownFileType = wrapper.framework; name = UIKit.framework; path = System/Library/Frameworks/UIKit.framework; sourceTree = SDKROOT; };
		CE9D94D01547E6CC00488BCE /* Foundation.framework */ = {isa = PBXFileReference; lastKnownFileType = wrapper.framework; name = Foundation.framework; path = System/Library/Frameworks/Foundation.framework; sourceTree = SDKROOT; };
		CE9D94D21547E6CC00488BCE /* CoreGraphics.framework */ = {isa = PBXFileReference; lastKnownFileType = wrapper.framework; name = CoreGraphics.framework; path = System/Library/Frameworks/CoreGraphics.framework; sourceTree = SDKROOT; };
		CE9D94D61547E6CC00488BCE /* SignetureTools-Info.plist */ = {isa = PBXFileReference; lastKnownFileType = text.plist.xml; path = "SignetureTools-Info.plist"; sourceTree = "<group>"; };
		CE9D94D81547E6CC00488BCE /* en */ = {isa = PBXFileReference; lastKnownFileType = text.plist.strings; name = en; path = en.lproj/InfoPlist.strings; sourceTree = "<group>"; };
		CE9D94DA1547E6CC00488BCE /* main.m */ = {isa = PBXFileReference; lastKnownFileType = sourcecode.c.objc; path = main.m; sourceTree = "<group>"; };
		CE9D94DC1547E6CC00488BCE /* SignetureTools-Prefix.pch */ = {isa = PBXFileReference; lastKnownFileType = sourcecode.c.h; path = "SignetureTools-Prefix.pch"; sourceTree = "<group>"; };
		CE9D94DD1547E6CC00488BCE /* AppDelegate.h */ = {isa = PBXFileReference; lastKnownFileType = sourcecode.c.h; path = AppDelegate.h; sourceTree = "<group>"; };
		CE9D94DE1547E6CC00488BCE /* AppDelegate.m */ = {isa = PBXFileReference; lastKnownFileType = sourcecode.c.objc; path = AppDelegate.m; sourceTree = "<group>"; };
		CE9D94E01547E6CC00488BCE /* ViewController.h */ = {isa = PBXFileReference; lastKnownFileType = sourcecode.c.h; path = ViewController.h; sourceTree = "<group>"; };
		CE9D94E11547E6CC00488BCE /* ViewController.m */ = {isa = PBXFileReference; lastKnownFileType = sourcecode.c.objc; path = ViewController.m; sourceTree = "<group>"; };
		CE9D94E41547E6CC00488BCE /* en */ = {isa = PBXFileReference; lastKnownFileType = file.xib; name = en; path = en.lproj/ViewController.xib; sourceTree = "<group>"; };
		CE9D94EC1547E76500488BCE /* MBProgressHUD.h */ = {isa = PBXFileReference; fileEncoding = 4; lastKnownFileType = sourcecode.c.h; path = MBProgressHUD.h; sourceTree = "<group>"; };
		CE9D94ED1547E76500488BCE /* MBProgressHUD.m */ = {isa = PBXFileReference; fileEncoding = 4; lastKnownFileType = sourcecode.c.objc; path = MBProgressHUD.m; sourceTree = "<group>"; };
		CE9D94EF1547E76500488BCE /* SignetureViewController.h */ = {isa = PBXFileReference; fileEncoding = 4; lastKnownFileType = sourcecode.c.h; path = SignetureViewController.h; sourceTree = "<group>"; };
		CE9D94F01547E76500488BCE /* SignetureViewController.m */ = {isa = PBXFileReference; fileEncoding = 4; lastKnownFileType = sourcecode.c.objc; path = SignetureViewController.m; sourceTree = "<group>"; };
		CE9D94F11547E76500488BCE /* SignetureViewController.xib */ = {isa = PBXFileReference; fileEncoding = 4; lastKnownFileType = file.xib; path = SignetureViewController.xib; sourceTree = "<group>"; };
/* End PBXFileReference section */

/* Begin PBXFrameworksBuildPhase section */
		CE9D94C71547E6CC00488BCE /* Frameworks */ = {
			isa = PBXFrameworksBuildPhase;
			buildActionMask = 2147483647;
			files = (
				CE9D94CF1547E6CC00488BCE /* UIKit.framework in Frameworks */,
				CE9D94D11547E6CC00488BCE /* Foundation.framework in Frameworks */,
				CE9D94D31547E6CC00488BCE /* CoreGraphics.framework in Frameworks */,
			);
			runOnlyForDeploymentPostprocessing = 0;
		};
/* End PBXFrameworksBuildPhase section */

/* Begin PBXGroup section */
		CE9D94BF1547E6CC00488BCE = {
			isa = PBXGroup;
			children = (
				CE9D94EB1547E76500488BCE /* MBProgressHUD */,
				CE9D94EE1547E76500488BCE /* Signeture */,
				CE9D94D41547E6CC00488BCE /* SignetureTools */,
				CE9D94CD1547E6CC00488BCE /* Frameworks */,
				CE9D94CB1547E6CC00488BCE /* Products */,
			);
			sourceTree = "<group>";
		};
		CE9D94CB1547E6CC00488BCE /* Products */ = {
			isa = PBXGroup;
			children = (
				CE9D94CA1547E6CC00488BCE /* SignetureTools.app */,
			);
			name = Products;
			sourceTree = "<group>";
		};
		CE9D94CD1547E6CC00488BCE /* Frameworks */ = {
			isa = PBXGroup;
			children = (
				CE9D94CE1547E6CC00488BCE /* UIKit.framework */,
				CE9D94D01547E6CC00488BCE /* Foundation.framework */,
				CE9D94D21547E6CC00488BCE /* CoreGraphics.framework */,
			);
			name = Frameworks;
			sourceTree = "<group>";
		};
		CE9D94D41547E6CC00488BCE /* SignetureTools */ = {
			isa = PBXGroup;
			children = (
				CE9D94DD1547E6CC00488BCE /* AppDelegate.h */,
				CE9D94DE1547E6CC00488BCE /* AppDelegate.m */,
				CE9D94E01547E6CC00488BCE /* ViewController.h */,
				CE9D94E11547E6CC00488BCE /* ViewController.m */,
				CE9D94E31547E6CC00488BCE /* ViewController.xib */,
				CE9D94D51547E6CC00488BCE /* Supporting Files */,
			);
			path = SignetureTools;
			sourceTree = "<group>";
		};
		CE9D94D51547E6CC00488BCE /* Supporting Files */ = {
			isa = PBXGroup;
			children = (
				CE9D94D61547E6CC00488BCE /* SignetureTools-Info.plist */,
				CE9D94D71547E6CC00488BCE /* InfoPlist.strings */,
				CE9D94DA1547E6CC00488BCE /* main.m */,
				CE9D94DC1547E6CC00488BCE /* SignetureTools-Prefix.pch */,
			);
			name = "Supporting Files";
			sourceTree = "<group>";
		};
		CE9D94EB1547E76500488BCE /* MBProgressHUD */ = {
			isa = PBXGroup;
			children = (
				CE9D94EC1547E76500488BCE /* MBProgressHUD.h */,
				CE9D94ED1547E76500488BCE /* MBProgressHUD.m */,
			);
			path = MBProgressHUD;
			sourceTree = "<group>";
		};
		CE9D94EE1547E76500488BCE /* Signeture */ = {
			isa = PBXGroup;
			children = (
				CE9D94EF1547E76500488BCE /* SignetureViewController.h */,
				CE9D94F01547E76500488BCE /* SignetureViewController.m */,
				CE9D94F11547E76500488BCE /* SignetureViewController.xib */,
			);
			path = Signeture;
			sourceTree = "<group>";
		};
/* End PBXGroup section */

/* Begin PBXNativeTarget section */
		CE9D94C91547E6CC00488BCE /* SignetureTools */ = {
			isa = PBXNativeTarget;
			buildConfigurationList = CE9D94E81547E6CC00488BCE /* Build configuration list for PBXNativeTarget "SignetureTools" */;
			buildPhases = (
				CE9D94C61547E6CC00488BCE /* Sources */,
				CE9D94C71547E6CC00488BCE /* Frameworks */,
				CE9D94C81547E6CC00488BCE /* Resources */,
			);
			buildRules = (
			);
			dependencies = (
			);
			name = SignetureTools;
			productName = SignetureTools;
			productReference = CE9D94CA1547E6CC00488BCE /* SignetureTools.app */;
			productType = "com.apple.product-type.application";
		};
/* End PBXNativeTarget section */

/* Begin PBXProject section */
		CE9D94C11547E6CC00488BCE /* Project object */ = {
			isa = PBXProject;
			attributes = {
				LastUpgradeCheck = 0420;
			};
			buildConfigurationList = CE9D94C41547E6CC00488BCE /* Build configuration list for PBXProject "SignetureTools" */;
			compatibilityVersion = "Xcode 3.2";
			developmentRegion = English;
			hasScannedForEncodings = 0;
			knownRegions = (
				en,
			);
			mainGroup = CE9D94BF1547E6CC00488BCE;
			productRefGroup = CE9D94CB1547E6CC00488BCE /* Products */;
			projectDirPath = "";
			projectRoot = "";
			targets = (
				CE9D94C91547E6CC00488BCE /* SignetureTools */,
			);
		};
/* End PBXProject section */

/* Begin PBXResourcesBuildPhase section */
		CE9D94C81547E6CC00488BCE /* Resources */ = {
			isa = PBXResourcesBuildPhase;
			buildActionMask = 2147483647;
			files = (
				CE9D94D91547E6CC00488BCE /* InfoPlist.strings in Resources */,
				CE9D94E51547E6CC00488BCE /* ViewController.xib in Resources */,
				CE9D94F41547E76500488BCE /* SignetureViewController.xib in Resources */,
			);
			runOnlyForDeploymentPostprocessing = 0;
		};
/* End PBXResourcesBuildPhase section */

/* Begin PBXSourcesBuildPhase section */
		CE9D94C61547E6CC00488BCE /* Sources */ = {
			isa = PBXSourcesBuildPhase;
			buildActionMask = 2147483647;
			files = (
				CE9D94DB1547E6CC00488BCE /* main.m in Sources */,
				CE9D94DF1547E6CC00488BCE /* AppDelegate.m in Sources */,
				CE9D94E21547E6CC00488BCE /* ViewController.m in Sources */,
				CE9D94F21547E76500488BCE /* MBProgressHUD.m in Sources */,
				CE9D94F31547E76500488BCE /* SignetureViewController.m in Sources */,
			);
			runOnlyForDeploymentPostprocessing = 0;
		};
/* End PBXSourcesBuildPhase section */

/* Begin PBXVariantGroup section */
		CE9D94D71547E6CC00488BCE /* InfoPlist.strings */ = {
			isa = PBXVariantGroup;
			children = (
				CE9D94D81547E6CC00488BCE /* en */,
			);
			name = InfoPlist.strings;
			sourceTree = "<group>";
		};
		CE9D94E31547E6CC00488BCE /* ViewController.xib */ = {
			isa = PBXVariantGroup;
			children = (
				CE9D94E41547E6CC00488BCE /* en */,
			);
			name = ViewController.xib;
			sourceTree = "<group>";
		};
/* End PBXVariantGroup section */

/* Begin XCBuildConfiguration section */
		CE9D94E61547E6CC00488BCE /* Debug */ = {
			isa = XCBuildConfiguration;
			buildSettings = {
				ALWAYS_SEARCH_USER_PATHS = NO;
				ARCHS = "$(ARCHS_STANDARD_32_BIT)";
				CLANG_ENABLE_OBJC_ARC = YES;
				"CODE_SIGN_IDENTITY[sdk=iphoneos*]" = "iPhone Developer";
				COPY_PHASE_STRIP = NO;
				GCC_C_LANGUAGE_STANDARD = gnu99;
				GCC_DYNAMIC_NO_PIC = NO;
				GCC_OPTIMIZATION_LEVEL = 0;
				GCC_PREPROCESSOR_DEFINITIONS = (
					"DEBUG=1",
					"$(inherited)",
				);
				GCC_SYMBOLS_PRIVATE_EXTERN = NO;
				GCC_VERSION = com.apple.compilers.llvm.clang.1_0;
				GCC_WARN_ABOUT_MISSING_PROTOTYPES = YES;
				GCC_WARN_ABOUT_RETURN_TYPE = YES;
				GCC_WARN_UNUSED_VARIABLE = YES;
				IPHONEOS_DEPLOYMENT_TARGET = 5.0;
				SDKROOT = iphoneos;
			};
			name = Debug;
		};
		CE9D94E71547E6CC00488BCE /* Release */ = {
			isa = XCBuildConfiguration;
			buildSettings = {
				ALWAYS_SEARCH_USER_PATHS = NO;
				ARCHS = "$(ARCHS_STANDARD_32_BIT)";
				CLANG_ENABLE_OBJC_ARC = YES;
				"CODE_SIGN_IDENTITY[sdk=iphoneos*]" = "iPhone Developer";
				COPY_PHASE_STRIP = YES;
				GCC_C_LANGUAGE_STANDARD = gnu99;
				GCC_VERSION = com.apple.compilers.llvm.clang.1_0;
				GCC_WARN_ABOUT_MISSING_PROTOTYPES = YES;
				GCC_WARN_ABOUT_RETURN_TYPE = YES;
				GCC_WARN_UNUSED_VARIABLE = YES;
				IPHONEOS_DEPLOYMENT_TARGET = 5.0;
				OTHER_CFLAGS = "-DNS_BLOCK_ASSERTIONS=1";
				SDKROOT = iphoneos;
				VALIDATE_PRODUCT = YES;
			};
			name = Release;
		};
		CE9D94E91547E6CC00488BCE /* Debug */ = {
			isa = XCBuildConfiguration;
			buildSettings = {
				GCC_PRECOMPILE_PREFIX_HEADER = YES;
				GCC_PREFIX_HEADER = "SignetureTools/SignetureTools-Prefix.pch";
				INFOPLIST_FILE = "SignetureTools/SignetureTools-Info.plist";
				PRODUCT_NAME = "$(TARGET_NAME)";
				WRAPPER_EXTENSION = app;
			};
			name = Debug;
		};
		CE9D94EA1547E6CC00488BCE /* Release */ = {
			isa = XCBuildConfiguration;
			buildSettings = {
				GCC_PRECOMPILE_PREFIX_HEADER = YES;
				GCC_PREFIX_HEADER = "SignetureTools/SignetureTools-Prefix.pch";
				INFOPLIST_FILE = "SignetureTools/SignetureTools-Info.plist";
				PRODUCT_NAME = "$(TARGET_NAME)";
				WRAPPER_EXTENSION = app;
			};
			name = Release;
		};
/* End XCBuildConfiguration section */

/* Begin XCConfigurationList section */
		CE9D94C41547E6CC00488BCE /* Build configuration list for PBXProject "SignetureTools" */ = {
			isa = XCConfigurationList;
			buildConfigurations = (
				CE9D94E61547E6CC00488BCE /* Debug */,
				CE9D94E71547E6CC00488BCE /* Release */,
			);
			defaultConfigurationIsVisible = 0;
			defaultConfigurationName = Release;
		};
		CE9D94E81547E6CC00488BCE /* Build configuration list for PBXNativeTarget "SignetureTools" */ = {
			isa = XCConfigurationList;
			buildConfigurations = (
				CE9D94E91547E6CC00488BCE /* Debug */,
				CE9D94EA1547E6CC00488BCE /* Release */,
			);
			defaultConfigurationIsVisible = 0;
		};
/* End XCConfigurationList section */
	};
	rootObject = CE9D94C11547E6CC00488BCE /* Project object */;
}
